# @generated by Move, please check-in and do not edit manually.

[move]
version = 3
manifest_digest = "03915B65E2837142F4A4FAB17DD0BE837EB6AE14B13EC787703BCD29C9962919"
deps_digest = "F8BBB0CCB2491CA29A3DF03D6F92277A4F3574266507ACD77214D37ECA3F3082"
dependencies = [
  { id = "Sui", name = "Sui" },
]

[[move.package]]
id = "MoveStdlib"
source = { git = "https://github.com/MystenLabs/sui.git", rev = "framework/testnet", subdir = "crates/sui-framework/packages/move-stdlib" }

[[move.package]]
id = "Sui"
source = { git = "https://github.com/MystenLabs/sui.git", rev = "framework/testnet", subdir = "crates/sui-framework/packages/sui-framework" }

dependencies = [
  { id = "MoveStdlib", name = "MoveStdlib" },
]

[move.toolchain-version]
compiler-version = "1.35.0"
edition = "2024.beta"
flavor = "sui"

[env]

[env.testnet]
chain-id = "4c78adac"
original-published-id = "0xc4f96ba544ca78c32ca776c8d6fa02d08f875c2abbe976ac5b9b17f363c01bb9"
latest-published-id = "0xc4f96ba544ca78c32ca776c8d6fa02d08f875c2abbe976ac5b9b17f363c01bb9"
published-version = "1"
